
Microsoft Visual Studio Solution File, Format Version 12.00
# Visual Studio 15
VisualStudioVersion = 15.0.27703.2026
MinimumVisualStudioVersion = 10.0.40219.1
Project("{D954291E-2A0B-460D-934E-DC6B0785DB48}") = "YuDesignPerú", "YuDesignPerú\YuDesignPerú.shproj", "{0AC1896C-6B78-4A17-9347-C19976282F7F}"
EndProject
Project("{2150E333-8FDC-42A3-9474-1A3956D46DE8}") = "Solution Items", "Solution Items", "{0EE7FA01-57C8-4807-8960-B2198EE3B0D9}"
	ProjectSection(SolutionItems) = preProject
		HTMLPage1.html = HTMLPage1.html
	EndProjectSection
EndProject
Global
	GlobalSection(SharedMSBuildProjectFiles) = preSolution
		YuDesignPerú\YuDesignPerú.projitems*{0ac1896c-6b78-4a17-9347-c19976282f7f}*SharedItemsImports = 13
	EndGlobalSection
	GlobalSection(SolutionProperties) = preSolution
		HideSolutionNode = FALSE
	EndGlobalSection
	GlobalSection(ExtensibilityGlobals) = postSolution
		SolutionGuid = {4AE1C92B-F3F4-464C-9656-C3514710B4C4}
	EndGlobalSection
EndGlobal
